
Microsoft Visual Studio Solution File, Format Version 12.00
# Visual Studio Version 17
VisualStudioVersion = 17.11.35312.102
MinimumVisualStudioVersion = 10.0.40219.1
Project("{FAE04EC0-301F-11D3-BF4B-00C04F79EFBC}") = "Static", "Static.csproj", "{FCC76EC7-E9AC-4834-BF1D-0434F143556C}"
EndProject
Global
	GlobalSection(SolutionConfigurationPlatforms) = preSolution
		Debug|Any CPU = Debug|Any CPU
		Release|Any CPU = Release|Any CPU
	EndGlobalSection
	GlobalSection(ProjectConfigurationPlatforms) = postSolution
		{FCC76EC7-E9AC-4834-BF1D-0434F143556C}.Debug|Any CPU.ActiveCfg = Debug|Any CPU
		{FCC76EC7-E9AC-4834-BF1D-0434F143556C}.Debug|Any CPU.Build.0 = Debug|Any CPU
		{FCC76EC7-E9AC-4834-BF1D-0434F143556C}.Release|Any CPU.ActiveCfg = Release|Any CPU
		{FCC76EC7-E9AC-4834-BF1D-0434F143556C}.Release|Any CPU.Build.0 = Release|Any CPU
	EndGlobalSection
	GlobalSection(SolutionProperties) = preSolution
		HideSolutionNode = FALSE
	EndGlobalSection
	GlobalSection(ExtensibilityGlobals) = postSolution
		SolutionGuid = {66C7C06C-E6D0-4137-B4EB-39D2FB6339AC}
	EndGlobalSection
EndGlobal
